<?xml version="1.0" encoding="utf-8"?>
<Project ToolsVersion="4.0" xmlns="http://schemas.microsoft.com/developer/msbuild/2003">
  <ItemGroup>
    <Filter Include="win32">
      <UniqueIdentifier>{84a8ebd7-7cf0-47f6-b75e-d441df67da40}</UniqueIdentifier>
    </Filter>
    <Filter Include="resource">
      <UniqueIdentifier>{715254bc-d70b-4ec5-bf29-467dd3ace079}</UniqueIdentifier>
    </Filter>
    <Filter Include="src">
      <UniqueIdentifier>{bb6c862e-70e9-49d9-81b7-3829a6f50471}</UniqueIdentifier>
    </Filter>
    <Filter Include="src\Game">
      <UniqueIdentifier>{375c34a7-670a-4db0-9405-7c7d449ee5d4}</UniqueIdentifier>
    </Filter>
    <Filter Include="src\Game\Sprite">
      <UniqueIdentifier>{8c495412-4bc7-4c5c-9299-d3e4711a8a68}</UniqueIdentifier>
    </Filter>
    <Filter Include="src\Main">
      <UniqueIdentifier>{f3ad4931-0b32-4c2f-b867-a3652434a384}</UniqueIdentifier>
    </Filter>
  </ItemGroup>
  <ItemGroup>
    <ClCompile Include="main.cpp">
      <Filter>win32</Filter>
    </ClCompile>
    <ClCompile Include="..\Classes\AppDelegate.cpp" />
    <ClCompile Include="..\Classes\HelloWorldScene.cpp" />
    <ClCompile Include="GameMain.cpp">
      <Filter>src\Game</Filter>
    </ClCompile>
    <ClCompile Include="GameEnemyBullet.cpp">
      <Filter>src\Game\Sprite</Filter>
    </ClCompile>
    <ClCompile Include="GameHeroBullet.cpp">
      <Filter>src\Game\Sprite</Filter>
    </ClCompile>
    <ClCompile Include="GameMark.cpp">
      <Filter>src\Game\Sprite</Filter>
    </ClCompile>
    <ClCompile Include="GameObjEnemy.cpp">
      <Filter>src\Game\Sprite</Filter>
    </ClCompile>
    <ClCompile Include="GameObjHero.cpp">
      <Filter>src\Game\Sprite</Filter>
    </ClCompile>
    <ClCompile Include="GameMenu.cpp">
      <Filter>src\Main</Filter>
    </ClCompile>
  </ItemGroup>
  <ItemGroup>
    <ClInclude Include="main.h">
      <Filter>win32</Filter>
    </ClInclude>
    <ClInclude Include="..\Classes\AppDelegate.h" />
    <ClInclude Include="..\Classes\HelloWorldScene.h" />
    <ClInclude Include="GameMain.h">
      <Filter>src\Game</Filter>
    </ClInclude>
    <ClInclude Include="GameEnemyBullet.h">
      <Filter>src\Game\Sprite</Filter>
    </ClInclude>
    <ClInclude Include="GameHeroBullet.h">
      <Filter>src\Game\Sprite</Filter>
    </ClInclude>
    <ClInclude Include="GameMark.h">
      <Filter>src\Game\Sprite</Filter>
    </ClInclude>
    <ClInclude Include="GameObjEnemy.h">
      <Filter>src\Game\Sprite</Filter>
    </ClInclude>
    <ClInclude Include="GameObjHero.h">
      <Filter>src\Game\Sprite</Filter>
    </ClInclude>
    <ClInclude Include="GameMenu.h">
      <Filter>src\Main</Filter>
    </ClInclude>
  </ItemGroup>
  <ItemGroup>
    <ResourceCompile Include="game.rc">
      <Filter>resource</Filter>
    </ResourceCompile>
  </ItemGroup>
</Project>